
Microsoft Visual Studio Solution File, Format Version 12.00
# Visual Studio Version 16
VisualStudioVersion = 16.0.30907.101
MinimumVisualStudioVersion = 10.0.40219.1
Project("{FAE04EC0-301F-11D3-BF4B-00C04F79EFBC}") = "ShopWinForm.UI", "WindowsFormsHomeWork_3\ShopWinForm.UI.csproj", "{FC25A40B-C5F2-44B2-B559-467271891A7D}"
EndProject
Project("{FAE04EC0-301F-11D3-BF4B-00C04F79EFBC}") = "ShopApp.DAL", "ShopApp.DAL\ShopApp.DAL.csproj", "{965D13C1-340D-4357-B389-597355826FBF}"
EndProject
Project("{FAE04EC0-301F-11D3-BF4B-00C04F79EFBC}") = "ShopApp.BLL", "ShopApp.BLL\ShopApp.BLL.csproj", "{91789FA7-8002-4C9C-A923-776FEDE3B048}"
EndProject
Global
	GlobalSection(SolutionConfigurationPlatforms) = preSolution
		Debug|Any CPU = Debug|Any CPU
		Release|Any CPU = Release|Any CPU
	EndGlobalSection
	GlobalSection(ProjectConfigurationPlatforms) = postSolution
		{FC25A40B-C5F2-44B2-B559-467271891A7D}.Debug|Any CPU.ActiveCfg = Debug|Any CPU
		{FC25A40B-C5F2-44B2-B559-467271891A7D}.Debug|Any CPU.Build.0 = Debug|Any CPU
		{FC25A40B-C5F2-44B2-B559-467271891A7D}.Release|Any CPU.ActiveCfg = Release|Any CPU
		{FC25A40B-C5F2-44B2-B559-467271891A7D}.Release|Any CPU.Build.0 = Release|Any CPU
		{965D13C1-340D-4357-B389-597355826FBF}.Debug|Any CPU.ActiveCfg = Debug|Any CPU
		{965D13C1-340D-4357-B389-597355826FBF}.Debug|Any CPU.Build.0 = Debug|Any CPU
		{965D13C1-340D-4357-B389-597355826FBF}.Release|Any CPU.ActiveCfg = Release|Any CPU
		{965D13C1-340D-4357-B389-597355826FBF}.Release|Any CPU.Build.0 = Release|Any CPU
		{91789FA7-8002-4C9C-A923-776FEDE3B048}.Debug|Any CPU.ActiveCfg = Debug|Any CPU
		{91789FA7-8002-4C9C-A923-776FEDE3B048}.Debug|Any CPU.Build.0 = Debug|Any CPU
		{91789FA7-8002-4C9C-A923-776FEDE3B048}.Release|Any CPU.ActiveCfg = Release|Any CPU
		{91789FA7-8002-4C9C-A923-776FEDE3B048}.Release|Any CPU.Build.0 = Release|Any CPU
	EndGlobalSection
	GlobalSection(SolutionProperties) = preSolution
		HideSolutionNode = FALSE
	EndGlobalSection
	GlobalSection(ExtensibilityGlobals) = postSolution
		SolutionGuid = {A0E10F3B-1B29-4CF4-8FD5-50E3691771C5}
	EndGlobalSection
EndGlobal
